// !$*UTF8*$!
{
	archiveVersion = 1;
	classes = {
	};
	objectVersion = 50;
	objects = {

/* Begin PBXBuildFile section */
		7A542F9E388F88DCA9A180C1 /* Pods_flixster.framework in Frameworks */ = {isa = PBXBuildFile; fileRef = AF8E7389F02C86FB51C538A3 /* Pods_flixster.framework */; };
		8C3AA4A7251E483F006133BC /* AppDelegate.swift in Sources */ = {isa = PBXBuildFile; fileRef = 8C3AA4A6251E483F006133BC /* AppDelegate.swift */; };
		8C3AA4A9251E483F006133BC /* SceneDelegate.swift in Sources */ = {isa = PBXBuildFile; fileRef = 8C3AA4A8251E483F006133BC /* SceneDelegate.swift */; };
		8C3AA4AE251E483F006133BC /* Main.storyboard in Resources */ = {isa = PBXBuildFile; fileRef = 8C3AA4AC251E483F006133BC /* Main.storyboard */; };
		8C3AA4B0251E4842006133BC /* Assets.xcassets in Resources */ = {isa = PBXBuildFile; fileRef = 8C3AA4AF251E4842006133BC /* Assets.xcassets */; };
		8C3AA4B3251E4842006133BC /* LaunchScreen.storyboard in Resources */ = {isa = PBXBuildFile; fileRef = 8C3AA4B1251E4842006133BC /* LaunchScreen.storyboard */; };
		8C3AA4BE251E4842006133BC /* flixsterTests.swift in Sources */ = {isa = PBXBuildFile; fileRef = 8C3AA4BD251E4842006133BC /* flixsterTests.swift */; };
		8C3AA4C9251E4842006133BC /* flixsterUITests.swift in Sources */ = {isa = PBXBuildFile; fileRef = 8C3AA4C8251E4842006133BC /* flixsterUITests.swift */; };
		8C3AA4D7251E4963006133BC /* MoviesViewController.swift in Sources */ = {isa = PBXBuildFile; fileRef = 8C3AA4D6251E4963006133BC /* MoviesViewController.swift */; };
		8C58CF8F251E56AB00B78B7D /* MovieCell.swift in Sources */ = {isa = PBXBuildFile; fileRef = 8C58CF8E251E56AB00B78B7D /* MovieCell.swift */; };
		A088EE7032698027C4C9C561 /* Pods_flixster_flixsterUITests.framework in Frameworks */ = {isa = PBXBuildFile; fileRef = 77CEC68876AC7AEC0228D2D3 /* Pods_flixster_flixsterUITests.framework */; };
		AF1CF41AAC6206152C265328 /* Pods_flixsterTests.framework in Frameworks */ = {isa = PBXBuildFile; fileRef = 923A8734372547B44078259C /* Pods_flixsterTests.framework */; };
/* End PBXBuildFile section */

/* Begin PBXContainerItemProxy section */
		8C3AA4BA251E4842006133BC /* PBXContainerItemProxy */ = {
			isa = PBXContainerItemProxy;
			containerPortal = 8C3AA49B251E483F006133BC /* Project object */;
			proxyType = 1;
			remoteGlobalIDString = 8C3AA4A2251E483F006133BC;
			remoteInfo = flixster;
		};
		8C3AA4C5251E4842006133BC /* PBXContainerItemProxy */ = {
			isa = PBXContainerItemProxy;
			containerPortal = 8C3AA49B251E483F006133BC /* Project object */;
			proxyType = 1;
			remoteGlobalIDString = 8C3AA4A2251E483F006133BC;
			remoteInfo = flixster;
		};
/* End PBXContainerItemProxy section */

/* Begin PBXFileReference section */
		0BE3F971C47A7713D800E2B9 /* Pods-flixster-flixsterUITests.debug.xcconfig */ = {isa = PBXFileReference; includeInIndex = 1; lastKnownFileType = text.xcconfig; name = "Pods-flixster-flixsterUITests.debug.xcconfig"; path = "Target Support Files/Pods-flixster-flixsterUITests/Pods-flixster-flixsterUITests.debug.xcconfig"; sourceTree = "<group>"; };
		26A1888518B93380B9DD5FAC /* Pods-flixsterTests.release.xcconfig */ = {isa = PBXFileReference; includeInIndex = 1; lastKnownFileType = text.xcconfig; name = "Pods-flixsterTests.release.xcconfig"; path = "Target Support Files/Pods-flixsterTests/Pods-flixsterTests.release.xcconfig"; sourceTree = "<group>"; };
		3D5C0904DC02809D362333AD /* Pods-flixster.release.xcconfig */ = {isa = PBXFileReference; includeInIndex = 1; lastKnownFileType = text.xcconfig; name = "Pods-flixster.release.xcconfig"; path = "Target Support Files/Pods-flixster/Pods-flixster.release.xcconfig"; sourceTree = "<group>"; };
		77CEC68876AC7AEC0228D2D3 /* Pods_flixster_flixsterUITests.framework */ = {isa = PBXFileReference; explicitFileType = wrapper.framework; includeInIndex = 0; path = Pods_flixster_flixsterUITests.framework; sourceTree = BUILT_PRODUCTS_DIR; };
		8C3AA4A3251E483F006133BC /* flixster.app */ = {isa = PBXFileReference; explicitFileType = wrapper.application; includeInIndex = 0; path = flixster.app; sourceTree = BUILT_PRODUCTS_DIR; };
		8C3AA4A6251E483F006133BC /* AppDelegate.swift */ = {isa = PBXFileReference; lastKnownFileType = sourcecode.swift; path = AppDelegate.swift; sourceTree = "<group>"; };
		8C3AA4A8251E483F006133BC /* SceneDelegate.swift */ = {isa = PBXFileReference; lastKnownFileType = sourcecode.swift; path = SceneDelegate.swift; sourceTree = "<group>"; };
		8C3AA4AD251E483F006133BC /* Base */ = {isa = PBXFileReference; lastKnownFileType = file.storyboard; name = Base; path = Base.lproj/Main.storyboard; sourceTree = "<group>"; };
		8C3AA4AF251E4842006133BC /* Assets.xcassets */ = {isa = PBXFileReference; lastKnownFileType = folder.assetcatalog; path = Assets.xcassets; sourceTree = "<group>"; };
		8C3AA4B2251E4842006133BC /* Base */ = {isa = PBXFileReference; lastKnownFileType = file.storyboard; name = Base; path = Base.lproj/LaunchScreen.storyboard; sourceTree = "<group>"; };
		8C3AA4B4251E4842006133BC /* Info.plist */ = {isa = PBXFileReference; lastKnownFileType = text.plist.xml; path = Info.plist; sourceTree = "<group>"; };
		8C3AA4B9251E4842006133BC /* flixsterTests.xctest */ = {isa = PBXFileReference; explicitFileType = wrapper.cfbundle; includeInIndex = 0; path = flixsterTests.xctest; sourceTree = BUILT_PRODUCTS_DIR; };
		8C3AA4BD251E4842006133BC /* flixsterTests.swift */ = {isa = PBXFileReference; lastKnownFileType = sourcecode.swift; path = flixsterTests.swift; sourceTree = "<group>"; };
		8C3AA4BF251E4842006133BC /* Info.plist */ = {isa = PBXFileReference; lastKnownFileType = text.plist.xml; path = Info.plist; sourceTree = "<group>"; };
		8C3AA4C4251E4842006133BC /* flixsterUITests.xctest */ = {isa = PBXFileReference; explicitFileType = wrapper.cfbundle; includeInIndex = 0; path = flixsterUITests.xctest; sourceTree = BUILT_PRODUCTS_DIR; };
		8C3AA4C8251E4842006133BC /* flixsterUITests.swift */ = {isa = PBXFileReference; lastKnownFileType = sourcecode.swift; path = flixsterUITests.swift; sourceTree = "<group>"; };
		8C3AA4CA251E4842006133BC /* Info.plist */ = {isa = PBXFileReference; lastKnownFileType = text.plist.xml; path = Info.plist; sourceTree = "<group>"; };
		8C3AA4D6251E4963006133BC /* MoviesViewController.swift */ = {isa = PBXFileReference; lastKnownFileType = sourcecode.swift; path = MoviesViewController.swift; sourceTree = "<group>"; };
		8C58CF8E251E56AB00B78B7D /* MovieCell.swift */ = {isa = PBXFileReference; lastKnownFileType = sourcecode.swift; path = MovieCell.swift; sourceTree = "<group>"; };
		90957979F09C98DF6DFFEF5C /* Pods-flixster.debug.xcconfig */ = {isa = PBXFileReference; includeInIndex = 1; lastKnownFileType = text.xcconfig; name = "Pods-flixster.debug.xcconfig"; path = "Target Support Files/Pods-flixster/Pods-flixster.debug.xcconfig"; sourceTree = "<group>"; };
		923A8734372547B44078259C /* Pods_flixsterTests.framework */ = {isa = PBXFileReference; explicitFileType = wrapper.framework; includeInIndex = 0; path = Pods_flixsterTests.framework; sourceTree = BUILT_PRODUCTS_DIR; };
		AF8E7389F02C86FB51C538A3 /* Pods_flixster.framework */ = {isa = PBXFileReference; explicitFileType = wrapper.framework; includeInIndex = 0; path = Pods_flixster.framework; sourceTree = BUILT_PRODUCTS_DIR; };
		D4369B181A367084150C8543 /* Pods-flixster-flixsterUITests.release.xcconfig */ = {isa = PBXFileReference; includeInIndex = 1; lastKnownFileType = text.xcconfig; name = "Pods-flixster-flixsterUITests.release.xcconfig"; path = "Target Support Files/Pods-flixster-flixsterUITests/Pods-flixster-flixsterUITests.release.xcconfig"; sourceTree = "<group>"; };
		EEB1B2F426DAEFF613F9EF68 /* Pods-flixsterTests.debug.xcconfig */ = {isa = PBXFileReference; includeInIndex = 1; lastKnownFileType = text.xcconfig; name = "Pods-flixsterTests.debug.xcconfig"; path = "Target Support Files/Pods-flixsterTests/Pods-flixsterTests.debug.xcconfig"; sourceTree = "<group>"; };
/* End PBXFileReference section */

/* Begin PBXFrameworksBuildPhase section */
		8C3AA4A0251E483F006133BC /* Frameworks */ = {
			isa = PBXFrameworksBuildPhase;
			buildActionMask = 2147483647;
			files = (
				7A542F9E388F88DCA9A180C1 /* Pods_flixster.framework in Frameworks */,
			);
			runOnlyForDeploymentPostprocessing = 0;
		};
		8C3AA4B6251E4842006133BC /* Frameworks */ = {
			isa = PBXFrameworksBuildPhase;
			buildActionMask = 2147483647;
			files = (
				AF1CF41AAC6206152C265328 /* Pods_flixsterTests.framework in Frameworks */,
			);
			runOnlyForDeploymentPostprocessing = 0;
		};
		8C3AA4C1251E4842006133BC /* Frameworks */ = {
			isa = PBXFrameworksBuildPhase;
			buildActionMask = 2147483647;
			files = (
				A088EE7032698027C4C9C561 /* Pods_flixster_flixsterUITests.framework in Frameworks */,
			);
			runOnlyForDeploymentPostprocessing = 0;
		};
/* End PBXFrameworksBuildPhase section */

/* Begin PBXGroup section */
		6131F36F809FFC8DDC4BDA68 /* Frameworks */ = {
			isa = PBXGroup;
			children = (
				AF8E7389F02C86FB51C538A3 /* Pods_flixster.framework */,
				77CEC68876AC7AEC0228D2D3 /* Pods_flixster_flixsterUITests.framework */,
				923A8734372547B44078259C /* Pods_flixsterTests.framework */,
			);
			name = Frameworks;
			sourceTree = "<group>";
		};
		6D04689E862BE927925A94A4 /* Pods */ = {
			isa = PBXGroup;
			children = (
				90957979F09C98DF6DFFEF5C /* Pods-flixster.debug.xcconfig */,
				3D5C0904DC02809D362333AD /* Pods-flixster.release.xcconfig */,
				0BE3F971C47A7713D800E2B9 /* Pods-flixster-flixsterUITests.debug.xcconfig */,
				D4369B181A367084150C8543 /* Pods-flixster-flixsterUITests.release.xcconfig */,
				EEB1B2F426DAEFF613F9EF68 /* Pods-flixsterTests.debug.xcconfig */,
				26A1888518B93380B9DD5FAC /* Pods-flixsterTests.release.xcconfig */,
			);
			name = Pods;
			path = Pods;
			sourceTree = "<group>";
		};
		8C3AA49A251E483F006133BC = {
			isa = PBXGroup;
			children = (
				8C3AA4A5251E483F006133BC /* flixster */,
				8C3AA4BC251E4842006133BC /* flixsterTests */,
				8C3AA4C7251E4842006133BC /* flixsterUITests */,
				8C3AA4A4251E483F006133BC /* Products */,
				6D04689E862BE927925A94A4 /* Pods */,
				6131F36F809FFC8DDC4BDA68 /* Frameworks */,
			);
			sourceTree = "<group>";
		};
		8C3AA4A4251E483F006133BC /* Products */ = {
			isa = PBXGroup;
			children = (
				8C3AA4A3251E483F006133BC /* flixster.app */,
				8C3AA4B9251E4842006133BC /* flixsterTests.xctest */,
				8C3AA4C4251E4842006133BC /* flixsterUITests.xctest */,
			);
			name = Products;
			sourceTree = "<group>";
		};
		8C3AA4A5251E483F006133BC /* flixster */ = {
			isa = PBXGroup;
			children = (
				8C3AA4D6251E4963006133BC /* MoviesViewController.swift */,
				8C3AA4A6251E483F006133BC /* AppDelegate.swift */,
				8C3AA4A8251E483F006133BC /* SceneDelegate.swift */,
				8C3AA4AC251E483F006133BC /* Main.storyboard */,
				8C3AA4AF251E4842006133BC /* Assets.xcassets */,
				8C3AA4B1251E4842006133BC /* LaunchScreen.storyboard */,
				8C3AA4B4251E4842006133BC /* Info.plist */,
				8C58CF8E251E56AB00B78B7D /* MovieCell.swift */,
			);
			path = flixster;
			sourceTree = "<group>";
		};
		8C3AA4BC251E4842006133BC /* flixsterTests */ = {
			isa = PBXGroup;
			children = (
				8C3AA4BD251E4842006133BC /* flixsterTests.swift */,
				8C3AA4BF251E4842006133BC /* Info.plist */,
			);
			path = flixsterTests;
			sourceTree = "<group>";
		};
		8C3AA4C7251E4842006133BC /* flixsterUITests */ = {
			isa = PBXGroup;
			children = (
				8C3AA4C8251E4842006133BC /* flixsterUITests.swift */,
				8C3AA4CA251E4842006133BC /* Info.plist */,
			);
			path = flixsterUITests;
			sourceTree = "<group>";
		};
/* End PBXGroup section */

/* Begin PBXNativeTarget section */
		8C3AA4A2251E483F006133BC /* flixster */ = {
			isa = PBXNativeTarget;
			buildConfigurationList = 8C3AA4CD251E4842006133BC /* Build configuration list for PBXNativeTarget "flixster" */;
			buildPhases = (
				5335436BD7A7EEE07B9F14CD /* [CP] Check Pods Manifest.lock */,
				8C3AA49F251E483F006133BC /* Sources */,
				8C3AA4A0251E483F006133BC /* Frameworks */,
				8C3AA4A1251E483F006133BC /* Resources */,
				8AE601E379C8B02B44254024 /* [CP] Embed Pods Frameworks */,
			);
			buildRules = (
			);
			dependencies = (
			);
			name = flixster;
			productName = flixster;
			productReference = 8C3AA4A3251E483F006133BC /* flixster.app */;
			productType = "com.apple.product-type.application";
		};
		8C3AA4B8251E4842006133BC /* flixsterTests */ = {
			isa = PBXNativeTarget;
			buildConfigurationList = 8C3AA4D0251E4842006133BC /* Build configuration list for PBXNativeTarget "flixsterTests" */;
			buildPhases = (
				3B2B3A7A178A57D39C8718BA /* [CP] Check Pods Manifest.lock */,
				8C3AA4B5251E4842006133BC /* Sources */,
				8C3AA4B6251E4842006133BC /* Frameworks */,
				8C3AA4B7251E4842006133BC /* Resources */,
			);
			buildRules = (
			);
			dependencies = (
				8C3AA4BB251E4842006133BC /* PBXTargetDependency */,
			);
			name = flixsterTests;
			productName = flixsterTests;
			productReference = 8C3AA4B9251E4842006133BC /* flixsterTests.xctest */;
			productType = "com.apple.product-type.bundle.unit-test";
		};
		8C3AA4C3251E4842006133BC /* flixsterUITests */ = {
			isa = PBXNativeTarget;
			buildConfigurationList = 8C3AA4D3251E4842006133BC /* Build configuration list for PBXNativeTarget "flixsterUITests" */;
			buildPhases = (
				1C9AE9A6841B82F3965A1194 /* [CP] Check Pods Manifest.lock */,
				8C3AA4C0251E4842006133BC /* Sources */,
				8C3AA4C1251E4842006133BC /* Frameworks */,
				8C3AA4C2251E4842006133BC /* Resources */,
				F212623DFFBDC7C5CDCCB7A0 /* [CP] Embed Pods Frameworks */,
			);
			buildRules = (
			);
			dependencies = (
				8C3AA4C6251E4842006133BC /* PBXTargetDependency */,
			);
			name = flixsterUITests;
			productName = flixsterUITests;
			productReference = 8C3AA4C4251E4842006133BC /* flixsterUITests.xctest */;
			productType = "com.apple.product-type.bundle.ui-testing";
		};
/* End PBXNativeTarget section */

/* Begin PBXProject section */
		8C3AA49B251E483F006133BC /* Project object */ = {
			isa = PBXProject;
			attributes = {
				LastSwiftUpdateCheck = 1160;
				LastUpgradeCheck = 1160;
				ORGANIZATIONNAME = "lykaren27@gmail.com";
				TargetAttributes = {
					8C3AA4A2251E483F006133BC = {
						CreatedOnToolsVersion = 11.6;
					};
					8C3AA4B8251E4842006133BC = {
						CreatedOnToolsVersion = 11.6;
						TestTargetID = 8C3AA4A2251E483F006133BC;
					};
					8C3AA4C3251E4842006133BC = {
						CreatedOnToolsVersion = 11.6;
						TestTargetID = 8C3AA4A2251E483F006133BC;
					};
				};
			};
			buildConfigurationList = 8C3AA49E251E483F006133BC /* Build configuration list for PBXProject "flixster" */;
			compatibilityVersion = "Xcode 9.3";
			developmentRegion = en;
			hasScannedForEncodings = 0;
			knownRegions = (
				en,
				Base,
			);
			mainGroup = 8C3AA49A251E483F006133BC;
			productRefGroup = 8C3AA4A4251E483F006133BC /* Products */;
			projectDirPath = "";
			projectRoot = "";
			targets = (
				8C3AA4A2251E483F006133BC /* flixster */,
				8C3AA4B8251E4842006133BC /* flixsterTests */,
				8C3AA4C3251E4842006133BC /* flixsterUITests */,
			);
		};
/* End PBXProject section */

/* Begin PBXResourcesBuildPhase section */
		8C3AA4A1251E483F006133BC /* Resources */ = {
			isa = PBXResourcesBuildPhase;
			buildActionMask = 2147483647;
			files = (
				8C3AA4B3251E4842006133BC /* LaunchScreen.storyboard in Resources */,
				8C3AA4B0251E4842006133BC /* Assets.xcassets in Resources */,
				8C3AA4AE251E483F006133BC /* Main.storyboard in Resources */,
			);
			runOnlyForDeploymentPostprocessing = 0;
		};
		8C3AA4B7251E4842006133BC /* Resources */ = {
			isa = PBXResourcesBuildPhase;
			buildActionMask = 2147483647;
			files = (
			);
			runOnlyForDeploymentPostprocessing = 0;
		};
		8C3AA4C2251E4842006133BC /* Resources */ = {
			isa = PBXResourcesBuildPhase;
			buildActionMask = 2147483647;
			files = (
			);
			runOnlyForDeploymentPostprocessing = 0;
		};
/* End PBXResourcesBuildPhase section */

/* Begin PBXShellScriptBuildPhase section */
		1C9AE9A6841B82F3965A1194 /* [CP] Check Pods Manifest.lock */ = {
			isa = PBXShellScriptBuildPhase;
			buildActionMask = 2147483647;
			files = (
			);
			inputFileListPaths = (
			);
			inputPaths = (
				"${PODS_PODFILE_DIR_PATH}/Podfile.lock",
				"${PODS_ROOT}/Manifest.lock",
			);
			name = "[CP] Check Pods Manifest.lock";
			outputFileListPaths = (
			);
			outputPaths = (
				"$(DERIVED_FILE_DIR)/Pods-flixster-flixsterUITests-checkManifestLockResult.txt",
			);
			runOnlyForDeploymentPostprocessing = 0;
			shellPath = /bin/sh;
			shellScript = "diff \"${PODS_PODFILE_DIR_PATH}/Podfile.lock\" \"${PODS_ROOT}/Manifest.lock\" > /dev/null\nif [ $? != 0 ] ; then\n    # print error to STDERR\n    echo \"error: The sandbox is not in sync with the Podfile.lock. Run 'pod install' or update your CocoaPods installation.\" >&2\n    exit 1\nfi\n# This output is used by Xcode 'outputs' to avoid re-running this script phase.\necho \"SUCCESS\" > \"${SCRIPT_OUTPUT_FILE_0}\"\n";
			showEnvVarsInLog = 0;
		};
		3B2B3A7A178A57D39C8718BA /* [CP] Check Pods Manifest.lock */ = {
			isa = PBXShellScriptBuildPhase;
			buildActionMask = 2147483647;
			files = (
			);
			inputFileListPaths = (
			);
			inputPaths = (
				"${PODS_PODFILE_DIR_PATH}/Podfile.lock",
				"${PODS_ROOT}/Manifest.lock",
			);
			name = "[CP] Check Pods Manifest.lock";
			outputFileListPaths = (
			);
			outputPaths = (
				"$(DERIVED_FILE_DIR)/Pods-flixsterTests-checkManifestLockResult.txt",
			);
			runOnlyForDeploymentPostprocessing = 0;
			shellPath = /bin/sh;
			shellScript = "diff \"${PODS_PODFILE_DIR_PATH}/Podfile.lock\" \"${PODS_ROOT}/Manifest.lock\" > /dev/null\nif [ $? != 0 ] ; then\n    # print error to STDERR\n    echo \"error: The sandbox is not in sync with the Podfile.lock. Run 'pod install' or update your CocoaPods installation.\" >&2\n    exit 1\nfi\n# This output is used by Xcode 'outputs' to avoid re-running this script phase.\necho \"SUCCESS\" > \"${SCRIPT_OUTPUT_FILE_0}\"\n";
			showEnvVarsInLog = 0;
		};
		5335436BD7A7EEE07B9F14CD /* [CP] Check Pods Manifest.lock */ = {
			isa = PBXShellScriptBuildPhase;
			buildActionMask = 2147483647;
			files = (
			);
			inputFileListPaths = (
			);
			inputPaths = (
				"${PODS_PODFILE_DIR_PATH}/Podfile.lock",
				"${PODS_ROOT}/Manifest.lock",
			);
			name = "[CP] Check Pods Manifest.lock";
			outputFileListPaths = (
			);
			outputPaths = (
				"$(DERIVED_FILE_DIR)/Pods-flixster-checkManifestLockResult.txt",
			);
			runOnlyForDeploymentPostprocessing = 0;
			shellPath = /bin/sh;
			shellScript = "diff \"${PODS_PODFILE_DIR_PATH}/Podfile.lock\" \"${PODS_ROOT}/Manifest.lock\" > /dev/null\nif [ $? != 0 ] ; then\n    # print error to STDERR\n    echo \"error: The sandbox is not in sync with the Podfile.lock. Run 'pod install' or update your CocoaPods installation.\" >&2\n    exit 1\nfi\n# This output is used by Xcode 'outputs' to avoid re-running this script phase.\necho \"SUCCESS\" > \"${SCRIPT_OUTPUT_FILE_0}\"\n";
			showEnvVarsInLog = 0;
		};
		8AE601E379C8B02B44254024 /* [CP] Embed Pods Frameworks */ = {
			isa = PBXShellScriptBuildPhase;
			buildActionMask = 2147483647;
			files = (
			);
			inputFileListPaths = (
				"${PODS_ROOT}/Target Support Files/Pods-flixster/Pods-flixster-frameworks-${CONFIGURATION}-input-files.xcfilelist",
			);
			name = "[CP] Embed Pods Frameworks";
			outputFileListPaths = (
				"${PODS_ROOT}/Target Support Files/Pods-flixster/Pods-flixster-frameworks-${CONFIGURATION}-output-files.xcfilelist",
			);
			runOnlyForDeploymentPostprocessing = 0;
			shellPath = /bin/sh;
			shellScript = "\"${PODS_ROOT}/Target Support Files/Pods-flixster/Pods-flixster-frameworks.sh\"\n";
			showEnvVarsInLog = 0;
		};
		F212623DFFBDC7C5CDCCB7A0 /* [CP] Embed Pods Frameworks */ = {
			isa = PBXShellScriptBuildPhase;
			buildActionMask = 2147483647;
			files = (
			);
			inputFileListPaths = (
				"${PODS_ROOT}/Target Support Files/Pods-flixster-flixsterUITests/Pods-flixster-flixsterUITests-frameworks-${CONFIGURATION}-input-files.xcfilelist",
			);
			name = "[CP] Embed Pods Frameworks";
			outputFileListPaths = (
				"${PODS_ROOT}/Target Support Files/Pods-flixster-flixsterUITests/Pods-flixster-flixsterUITests-frameworks-${CONFIGURATION}-output-files.xcfilelist",
			);
			runOnlyForDeploymentPostprocessing = 0;
			shellPath = /bin/sh;
			shellScript = "\"${PODS_ROOT}/Target Support Files/Pods-flixster-flixsterUITests/Pods-flixster-flixsterUITests-frameworks.sh\"\n";
			showEnvVarsInLog = 0;
		};
/* End PBXShellScriptBuildPhase section */

/* Begin PBXSourcesBuildPhase section */
		8C3AA49F251E483F006133BC /* Sources */ = {
			isa = PBXSourcesBuildPhase;
			buildActionMask = 2147483647;
			files = (
				8C3AA4A7251E483F006133BC /* AppDelegate.swift in Sources */,
				8C3AA4A9251E483F006133BC /* SceneDelegate.swift in Sources */,
				8C58CF8F251E56AB00B78B7D /* MovieCell.swift in Sources */,
				8C3AA4D7251E4963006133BC /* MoviesViewController.swift in Sources */,
			);
			runOnlyForDeploymentPostprocessing = 0;
		};
		8C3AA4B5251E4842006133BC /* Sources */ = {
			isa = PBXSourcesBuildPhase;
			buildActionMask = 2147483647;
			files = (
				8C3AA4BE251E4842006133BC /* flixsterTests.swift in Sources */,
			);
			runOnlyForDeploymentPostprocessing = 0;
		};
		8C3AA4C0251E4842006133BC /* Sources */ = {
			isa = PBXSourcesBuildPhase;
			buildActionMask = 2147483647;
			files = (
				8C3AA4C9251E4842006133BC /* flixsterUITests.swift in Sources */,
			);
			runOnlyForDeploymentPostprocessing = 0;
		};
/* End PBXSourcesBuildPhase section */

/* Begin PBXTargetDependency section */
		8C3AA4BB251E4842006133BC /* PBXTargetDependency */ = {
			isa = PBXTargetDependency;
			target = 8C3AA4A2251E483F006133BC /* flixster */;
			targetProxy = 8C3AA4BA251E4842006133BC /* PBXContainerItemProxy */;
		};
		8C3AA4C6251E4842006133BC /* PBXTargetDependency */ = {
			isa = PBXTargetDependency;
			target = 8C3AA4A2251E483F006133BC /* flixster */;
			targetProxy = 8C3AA4C5251E4842006133BC /* PBXContainerItemProxy */;
		};
/* End PBXTargetDependency section */

/* Begin PBXVariantGroup section */
		8C3AA4AC251E483F006133BC /* Main.storyboard */ = {
			isa = PBXVariantGroup;
			children = (
				8C3AA4AD251E483F006133BC /* Base */,
			);
			name = Main.storyboard;
			sourceTree = "<group>";
		};
		8C3AA4B1251E4842006133BC /* LaunchScreen.storyboard */ = {
			isa = PBXVariantGroup;
			children = (
				8C3AA4B2251E4842006133BC /* Base */,
			);
			name = LaunchScreen.storyboard;
			sourceTree = "<group>";
		};
/* End PBXVariantGroup section */

/* Begin XCBuildConfiguration section */
		8C3AA4CB251E4842006133BC /* Debug */ = {
			isa = XCBuildConfiguration;
			buildSettings = {
				ALWAYS_SEARCH_USER_PATHS = NO;
				CLANG_ANALYZER_NONNULL = YES;
				CLANG_ANALYZER_NUMBER_OBJECT_CONVERSION = YES_AGGRESSIVE;
				CLANG_CXX_LANGUAGE_STANDARD = "gnu++14";
				CLANG_CXX_LIBRARY = "libc++";
				CLANG_ENABLE_MODULES = YES;
				CLANG_ENABLE_OBJC_ARC = YES;
				CLANG_ENABLE_OBJC_WEAK = YES;
				CLANG_WARN_BLOCK_CAPTURE_AUTORELEASING = YES;
				CLANG_WARN_BOOL_CONVERSION = YES;
				CLANG_WARN_COMMA = YES;
				CLANG_WARN_CONSTANT_CONVERSION = YES;
				CLANG_WARN_DEPRECATED_OBJC_IMPLEMENTATIONS = YES;
				CLANG_WARN_DIRECT_OBJC_ISA_USAGE = YES_ERROR;
				CLANG_WARN_DOCUMENTATION_COMMENTS = YES;
				CLANG_WARN_EMPTY_BODY = YES;
				CLANG_WARN_ENUM_CONVERSION = YES;
				CLANG_WARN_INFINITE_RECURSION = YES;
				CLANG_WARN_INT_CONVERSION = YES;
				CLANG_WARN_NON_LITERAL_NULL_CONVERSION = YES;
				CLANG_WARN_OBJC_IMPLICIT_RETAIN_SELF = YES;
				CLANG_WARN_OBJC_LITERAL_CONVERSION = YES;
				CLANG_WARN_OBJC_ROOT_CLASS = YES_ERROR;
				CLANG_WARN_RANGE_LOOP_ANALYSIS = YES;
				CLANG_WARN_STRICT_PROTOTYPES = YES;
				CLANG_WARN_SUSPICIOUS_MOVE = YES;
				CLANG_WARN_UNGUARDED_AVAILABILITY = YES_AGGRESSIVE;
				CLANG_WARN_UNREACHABLE_CODE = YES;
				CLANG_WARN__DUPLICATE_METHOD_MATCH = YES;
				COPY_PHASE_STRIP = NO;
				DEBUG_INFORMATION_FORMAT = dwarf;
				ENABLE_STRICT_OBJC_MSGSEND = YES;
				ENABLE_TESTABILITY = YES;
				GCC_C_LANGUAGE_STANDARD = gnu11;
				GCC_DYNAMIC_NO_PIC = NO;
				GCC_NO_COMMON_BLOCKS = YES;
				GCC_OPTIMIZATION_LEVEL = 0;
				GCC_PREPROCESSOR_DEFINITIONS = (
					"DEBUG=1",
					"$(inherited)",
				);
				GCC_WARN_64_TO_32_BIT_CONVERSION = YES;
				GCC_WARN_ABOUT_RETURN_TYPE = YES_ERROR;
				GCC_WARN_UNDECLARED_SELECTOR = YES;
				GCC_WARN_UNINITIALIZED_AUTOS = YES_AGGRESSIVE;
				GCC_WARN_UNUSED_FUNCTION = YES;
				GCC_WARN_UNUSED_VARIABLE = YES;
				IPHONEOS_DEPLOYMENT_TARGET = 13.6;
				MTL_ENABLE_DEBUG_INFO = INCLUDE_SOURCE;
				MTL_FAST_MATH = YES;
				ONLY_ACTIVE_ARCH = YES;
				SDKROOT = iphoneos;
				SWIFT_ACTIVE_COMPILATION_CONDITIONS = DEBUG;
				SWIFT_OPTIMIZATION_LEVEL = "-Onone";
			};
			name = Debug;
		};
		8C3AA4CC251E4842006133BC /* Release */ = {
			isa = XCBuildConfiguration;
			buildSettings = {
				ALWAYS_SEARCH_USER_PATHS = NO;
				CLANG_ANALYZER_NONNULL = YES;
				CLANG_ANALYZER_NUMBER_OBJECT_CONVERSION = YES_AGGRESSIVE;
				CLANG_CXX_LANGUAGE_STANDARD = "gnu++14";
				CLANG_CXX_LIBRARY = "libc++";
				CLANG_ENABLE_MODULES = YES;
				CLANG_ENABLE_OBJC_ARC = YES;
				CLANG_ENABLE_OBJC_WEAK = YES;
				CLANG_WARN_BLOCK_CAPTURE_AUTORELEASING = YES;
				CLANG_WARN_BOOL_CONVERSION = YES;
				CLANG_WARN_COMMA = YES;
				CLANG_WARN_CONSTANT_CONVERSION = YES;
				CLANG_WARN_DEPRECATED_OBJC_IMPLEMENTATIONS = YES;
				CLANG_WARN_DIRECT_OBJC_ISA_USAGE = YES_ERROR;
				CLANG_WARN_DOCUMENTATION_COMMENTS = YES;
				CLANG_WARN_EMPTY_BODY = YES;
				CLANG_WARN_ENUM_CONVERSION = YES;
				CLANG_WARN_INFINITE_RECURSION = YES;
				CLANG_WARN_INT_CONVERSION = YES;
				CLANG_WARN_NON_LITERAL_NULL_CONVERSION = YES;
				CLANG_WARN_OBJC_IMPLICIT_RETAIN_SELF = YES;
				CLANG_WARN_OBJC_LITERAL_CONVERSION = YES;
				CLANG_WARN_OBJC_ROOT_CLASS = YES_ERROR;
				CLANG_WARN_RANGE_LOOP_ANALYSIS = YES;
				CLANG_WARN_STRICT_PROTOTYPES = YES;
				CLANG_WARN_SUSPICIOUS_MOVE = YES;
				CLANG_WARN_UNGUARDED_AVAILABILITY = YES_AGGRESSIVE;
				CLANG_WARN_UNREACHABLE_CODE = YES;
				CLANG_WARN__DUPLICATE_METHOD_MATCH = YES;
				COPY_PHASE_STRIP = NO;
				DEBUG_INFORMATION_FORMAT = "dwarf-with-dsym";
				ENABLE_NS_ASSERTIONS = NO;
				ENABLE_STRICT_OBJC_MSGSEND = YES;
				GCC_C_LANGUAGE_STANDARD = gnu11;
				GCC_NO_COMMON_BLOCKS = YES;
				GCC_WARN_64_TO_32_BIT_CONVERSION = YES;
				GCC_WARN_ABOUT_RETURN_TYPE = YES_ERROR;
				GCC_WARN_UNDECLARED_SELECTOR = YES;
				GCC_WARN_UNINITIALIZED_AUTOS = YES_AGGRESSIVE;
				GCC_WARN_UNUSED_FUNCTION = YES;
				GCC_WARN_UNUSED_VARIABLE = YES;
				IPHONEOS_DEPLOYMENT_TARGET = 13.6;
				MTL_ENABLE_DEBUG_INFO = NO;
				MTL_FAST_MATH = YES;
				SDKROOT = iphoneos;
				SWIFT_COMPILATION_MODE = wholemodule;
				SWIFT_OPTIMIZATION_LEVEL = "-O";
				VALIDATE_PRODUCT = YES;
			};
			name = Release;
		};
		8C3AA4CE251E4842006133BC /* Debug */ = {
			isa = XCBuildConfiguration;
			baseConfigurationReference = 90957979F09C98DF6DFFEF5C /* Pods-flixster.debug.xcconfig */;
			buildSettings = {
				ASSETCATALOG_COMPILER_APPICON_NAME = AppIcon;
				CODE_SIGN_STYLE = Automatic;
				INFOPLIST_FILE = flixster/Info.plist;
				LD_RUNPATH_SEARCH_PATHS = (
					"$(inherited)",
					"@executable_path/Frameworks",
				);
				PRODUCT_BUNDLE_IDENTIFIER = "com.lykaren27-gmail.com.flixster";
				PRODUCT_NAME = "$(TARGET_NAME)";
				SWIFT_VERSION = 5.0;
				TARGETED_DEVICE_FAMILY = "1,2";
			};
			name = Debug;
		};
		8C3AA4CF251E4842006133BC /* Release */ = {
			isa = XCBuildConfiguration;
			baseConfigurationReference = 3D5C0904DC02809D362333AD /* Pods-flixster.release.xcconfig */;
			buildSettings = {
				ASSETCATALOG_COMPILER_APPICON_NAME = AppIcon;
				CODE_SIGN_STYLE = Automatic;
				INFOPLIST_FILE = flixster/Info.plist;
				LD_RUNPATH_SEARCH_PATHS = (
					"$(inherited)",
					"@executable_path/Frameworks",
				);
				PRODUCT_BUNDLE_IDENTIFIER = "com.lykaren27-gmail.com.flixster";
				PRODUCT_NAME = "$(TARGET_NAME)";
				SWIFT_VERSION = 5.0;
				TARGETED_DEVICE_FAMILY = "1,2";
			};
			name = Release;
		};
		8C3AA4D1251E4842006133BC /* Debug */ = {
			isa = XCBuildConfiguration;
			baseConfigurationReference = EEB1B2F426DAEFF613F9EF68 /* Pods-flixsterTests.debug.xcconfig */;
			buildSettings = {
				ALWAYS_EMBED_SWIFT_STANDARD_LIBRARIES = YES;
				BUNDLE_LOADER = "$(TEST_HOST)";
				CODE_SIGN_STYLE = Automatic;
				INFOPLIST_FILE = flixsterTests/Info.plist;
				IPHONEOS_DEPLOYMENT_TARGET = 13.6;
				LD_RUNPATH_SEARCH_PATHS = (
					"$(inherited)",
					"@executable_path/Frameworks",
					"@loader_path/Frameworks",
				);
				PRODUCT_BUNDLE_IDENTIFIER = "com.lykaren27-gmail.com.flixsterTests";
				PRODUCT_NAME = "$(TARGET_NAME)";
				SWIFT_VERSION = 5.0;
				TARGETED_DEVICE_FAMILY = "1,2";
				TEST_HOST = "$(BUILT_PRODUCTS_DIR)/flixster.app/flixster";
			};
			name = Debug;
		};
		8C3AA4D2251E4842006133BC /* Release */ = {
			isa = XCBuildConfiguration;
			baseConfigurationReference = 26A1888518B93380B9DD5FAC /* Pods-flixsterTests.release.xcconfig */;
			buildSettings = {
				ALWAYS_EMBED_SWIFT_STANDARD_LIBRARIES = YES;
				BUNDLE_LOADER = "$(TEST_HOST)";
				CODE_SIGN_STYLE = Automatic;
				INFOPLIST_FILE = flixsterTests/Info.plist;
				IPHONEOS_DEPLOYMENT_TARGET = 13.6;
				LD_RUNPATH_SEARCH_PATHS = (
					"$(inherited)",
					"@executable_path/Frameworks",
					"@loader_path/Frameworks",
				);
				PRODUCT_BUNDLE_IDENTIFIER = "com.lykaren27-gmail.com.flixsterTests";
				PRODUCT_NAME = "$(TARGET_NAME)";
				SWIFT_VERSION = 5.0;
				TARGETED_DEVICE_FAMILY = "1,2";
				TEST_HOST = "$(BUILT_PRODUCTS_DIR)/flixster.app/flixster";
			};
			name = Release;
		};
		8C3AA4D4251E4842006133BC /* Debug */ = {
			isa = XCBuildConfiguration;
			baseConfigurationReference = 0BE3F971C47A7713D800E2B9 /* Pods-flixster-flixsterUITests.debug.xcconfig */;
			buildSettings = {
				ALWAYS_EMBED_SWIFT_STANDARD_LIBRARIES = YES;
				CODE_SIGN_STYLE = Automatic;
				INFOPLIST_FILE = flixsterUITests/Info.plist;
				LD_RUNPATH_SEARCH_PATHS = (
					"$(inherited)",
					"@executable_path/Frameworks",
					"@loader_path/Frameworks",
				);
				PRODUCT_BUNDLE_IDENTIFIER = "com.lykaren27-gmail.com.flixsterUITests";
				PRODUCT_NAME = "$(TARGET_NAME)";
				SWIFT_VERSION = 5.0;
				TARGETED_DEVICE_FAMILY = "1,2";
				TEST_TARGET_NAME = flixster;
			};
			name = Debug;
		};
		8C3AA4D5251E4842006133BC /* Release */ = {
			isa = XCBuildConfiguration;
			baseConfigurationReference = D4369B181A367084150C8543 /* Pods-flixster-flixsterUITests.release.xcconfig */;
			buildSettings = {
				ALWAYS_EMBED_SWIFT_STANDARD_LIBRARIES = YES;
				CODE_SIGN_STYLE = Automatic;
				INFOPLIST_FILE = flixsterUITests/Info.plist;
				LD_RUNPATH_SEARCH_PATHS = (
					"$(inherited)",
					"@executable_path/Frameworks",
					"@loader_path/Frameworks",
				);
				PRODUCT_BUNDLE_IDENTIFIER = "com.lykaren27-gmail.com.flixsterUITests";
				PRODUCT_NAME = "$(TARGET_NAME)";
				SWIFT_VERSION = 5.0;
				TARGETED_DEVICE_FAMILY = "1,2";
				TEST_TARGET_NAME = flixster;
			};
			name = Release;
		};
/* End XCBuildConfiguration section */

/* Begin XCConfigurationList section */
		8C3AA49E251E483F006133BC /* Build configuration list for PBXProject "flixster" */ = {
			isa = XCConfigurationList;
			buildConfigurations = (
				8C3AA4CB251E4842006133BC /* Debug */,
				8C3AA4CC251E4842006133BC /* Release */,
			);
			defaultConfigurationIsVisible = 0;
			defaultConfigurationName = Release;
		};
		8C3AA4CD251E4842006133BC /* Build configuration list for PBXNativeTarget "flixster" */ = {
			isa = XCConfigurationList;
			buildConfigurations = (
				8C3AA4CE251E4842006133BC /* Debug */,
				8C3AA4CF251E4842006133BC /* Release */,
			);
			defaultConfigurationIsVisible = 0;
			defaultConfigurationName = Release;
		};
		8C3AA4D0251E4842006133BC /* Build configuration list for PBXNativeTarget "flixsterTests" */ = {
			isa = XCConfigurationList;
			buildConfigurations = (
				8C3AA4D1251E4842006133BC /* Debug */,
				8C3AA4D2251E4842006133BC /* Release */,
			);
			defaultConfigurationIsVisible = 0;
			defaultConfigurationName = Release;
		};
		8C3AA4D3251E4842006133BC /* Build configuration list for PBXNativeTarget "flixsterUITests" */ = {
			isa = XCConfigurationList;
			buildConfigurations = (
				8C3AA4D4251E4842006133BC /* Debug */,
				8C3AA4D5251E4842006133BC /* Release */,
			);
			defaultConfigurationIsVisible = 0;
			defaultConfigurationName = Release;
		};
/* End XCConfigurationList section */
	};
	rootObject = 8C3AA49B251E483F006133BC /* Project object */;
}
